
Microsoft Visual Studio Solution File, Format Version 12.00
# Visual Studio Version 17
VisualStudioVersion = 17.5.33502.453
MinimumVisualStudioVersion = 10.0.40219.1
Project("{FAE04EC0-301F-11D3-BF4B-00C04F79EFBC}") = "RagdollSync", "RagdollSync\RagdollSync.csproj", "{A728ED6E-9BAD-4E3B-AC18-26D72B0C61C9}"
EndProject
Global
	GlobalSection(SolutionConfigurationPlatforms) = preSolution
		Debug|Any CPU = Debug|Any CPU
		Release|Any CPU = Release|Any CPU
	EndGlobalSection
	GlobalSection(ProjectConfigurationPlatforms) = postSolution
		{A728ED6E-9BAD-4E3B-AC18-26D72B0C61C9}.Debug|Any CPU.ActiveCfg = Debug|Any CPU
		{A728ED6E-9BAD-4E3B-AC18-26D72B0C61C9}.Debug|Any CPU.Build.0 = Debug|Any CPU
		{A728ED6E-9BAD-4E3B-AC18-26D72B0C61C9}.Release|Any CPU.ActiveCfg = Release|Any CPU
		{A728ED6E-9BAD-4E3B-AC18-26D72B0C61C9}.Release|Any CPU.Build.0 = Release|Any CPU
	EndGlobalSection
	GlobalSection(SolutionProperties) = preSolution
		HideSolutionNode = FALSE
	EndGlobalSection
	GlobalSection(ExtensibilityGlobals) = postSolution
		SolutionGuid = {9A83DFD8-AC4C-46B7-B4DE-B809B4AB0ADD}
	EndGlobalSection
EndGlobal
